
Microsoft Visual Studio Solution File, Format Version 12.00
# Visual Studio Version 16
VisualStudioVersion = 16.0.31229.75
MinimumVisualStudioVersion = 10.0.40219.1
Project("{FAE04EC0-301F-11D3-BF4B-00C04F79EFBC}") = "Huffmann", "Huffmann\Huffmann.csproj", "{3F0CA57F-76F9-45C6-A574-14B54D9B869A}"
EndProject
Global
	GlobalSection(SolutionConfigurationPlatforms) = preSolution
		Debug|Any CPU = Debug|Any CPU
		Release|Any CPU = Release|Any CPU
	EndGlobalSection
	GlobalSection(ProjectConfigurationPlatforms) = postSolution
		{3F0CA57F-76F9-45C6-A574-14B54D9B869A}.Debug|Any CPU.ActiveCfg = Debug|Any CPU
		{3F0CA57F-76F9-45C6-A574-14B54D9B869A}.Debug|Any CPU.Build.0 = Debug|Any CPU
		{3F0CA57F-76F9-45C6-A574-14B54D9B869A}.Release|Any CPU.ActiveCfg = Release|Any CPU
		{3F0CA57F-76F9-45C6-A574-14B54D9B869A}.Release|Any CPU.Build.0 = Release|Any CPU
	EndGlobalSection
	GlobalSection(SolutionProperties) = preSolution
		HideSolutionNode = FALSE
	EndGlobalSection
	GlobalSection(ExtensibilityGlobals) = postSolution
		SolutionGuid = {43CB4024-4FB4-4272-8396-492D9BA366A5}
	EndGlobalSection
EndGlobal
